
Microsoft Visual Studio Solution File, Format Version 12.00
# Visual Studio 15
VisualStudioVersion = 15.0.28307.1082
MinimumVisualStudioVersion = 10.0.40219.1
Project("{9A19103F-16F7-4668-BE54-9A1E7A4F7556}") = "EntityFrameworkCore.DBSharding", "EntityFrameworkCore.DBSharding\EntityFrameworkCore.DBSharding.csproj", "{DF317547-0FE6-4968-B58E-D2DBA8BBC9BD}"
EndProject
Project("{2150E333-8FDC-42A3-9474-1A3956D46DE8}") = "test", "test", "{2258DDCD-B13A-411E-A228-037C363DF23C}"
EndProject
Project("{FAE04EC0-301F-11D3-BF4B-00C04F79EFBC}") = "testDBSharding", "testDBSharding\testDBSharding.csproj", "{9369FCFA-AAEA-4E2A-BCBC-7D36290FC230}"
EndProject
Global
	GlobalSection(SolutionConfigurationPlatforms) = preSolution
		Debug|Any CPU = Debug|Any CPU
		Release|Any CPU = Release|Any CPU
	EndGlobalSection
	GlobalSection(ProjectConfigurationPlatforms) = postSolution
		{DF317547-0FE6-4968-B58E-D2DBA8BBC9BD}.Debug|Any CPU.ActiveCfg = Debug|Any CPU
		{DF317547-0FE6-4968-B58E-D2DBA8BBC9BD}.Debug|Any CPU.Build.0 = Debug|Any CPU
		{DF317547-0FE6-4968-B58E-D2DBA8BBC9BD}.Release|Any CPU.ActiveCfg = Release|Any CPU
		{DF317547-0FE6-4968-B58E-D2DBA8BBC9BD}.Release|Any CPU.Build.0 = Release|Any CPU
		{9369FCFA-AAEA-4E2A-BCBC-7D36290FC230}.Debug|Any CPU.ActiveCfg = Debug|Any CPU
		{9369FCFA-AAEA-4E2A-BCBC-7D36290FC230}.Debug|Any CPU.Build.0 = Debug|Any CPU
		{9369FCFA-AAEA-4E2A-BCBC-7D36290FC230}.Release|Any CPU.ActiveCfg = Release|Any CPU
		{9369FCFA-AAEA-4E2A-BCBC-7D36290FC230}.Release|Any CPU.Build.0 = Release|Any CPU
	EndGlobalSection
	GlobalSection(SolutionProperties) = preSolution
		HideSolutionNode = FALSE
	EndGlobalSection
	GlobalSection(NestedProjects) = preSolution
		{9369FCFA-AAEA-4E2A-BCBC-7D36290FC230} = {2258DDCD-B13A-411E-A228-037C363DF23C}
	EndGlobalSection
	GlobalSection(ExtensibilityGlobals) = postSolution
		SolutionGuid = {9EAB0687-4E8A-4B5D-B3BB-B87BF23C1365}
	EndGlobalSection
EndGlobal
